{
  "originHash" : "1300fb95d6345aec57eae3be9bdc08758120b46c289f60c744c09d9eabe80bb4",
  "pins" : [
    {
      "identity" : "reswift",
      "kind" : "remoteSourceControl",
      "location" : "https://github.com/ReSwift/ReSwift.git",
      "state" : {
        "revision" : "cb5c3c02f652420ef413dea41e13ac5a76b6c0fd",
        "version" : "6.1.1"
      }
    },
    {
      "identity" : "reswift-thunk",
      "kind" : "remoteSourceControl",
      "location" : "https://github.com/ReSwift/ReSwift-Thunk.git",
      "state" : {
        "revision" : "5ee9816158a2115863b1458c66cf1be9e9143b39",
        "version" : "2.0.1"
      }
    },
    {
      "identity" : "systemextensions",
      "kind" : "remoteSourceControl",
      "location" : "https://github.com/nazariosoftwarellc/SystemExtensions",
      "state" : {
        "branch" : "main",
        "revision" : "490a54becae1aed61b69746881e8a14eb5f06120"
      }
    }
  ],
  "version" : 3
}
